// !$*UTF8*$!
{
	archiveVersion = 1;
	classes = {
	};
	objectVersion = 56;
	objects = {

/* Begin PBXBuildFile section */
		E24200392B4B488E009E0840 /* FavoritePrimesView.swift in Sources */ = {isa = PBXBuildFile; fileRef = E24200382B4B488E009E0840 /* FavoritePrimesView.swift */; };
		E242003B2B4B5C59009E0840 /* Activity.swift in Sources */ = {isa = PBXBuildFile; fileRef = E242003A2B4B5C59009E0840 /* Activity.swift */; };
		E242003D2B4B7CCD009E0840 /* FavoritePrimesState.swift in Sources */ = {isa = PBXBuildFile; fileRef = E242003C2B4B7CCD009E0840 /* FavoritePrimesState.swift */; };
		E2AD2FA92B4A3751008BF079 /* StateManagementApp.swift in Sources */ = {isa = PBXBuildFile; fileRef = E2AD2FA82B4A3751008BF079 /* StateManagementApp.swift */; };
		E2AD2FAB2B4A3751008BF079 /* ContentView.swift in Sources */ = {isa = PBXBuildFile; fileRef = E2AD2FAA2B4A3751008BF079 /* ContentView.swift */; };
		E2AD2FAD2B4A3752008BF079 /* Assets.xcassets in Resources */ = {isa = PBXBuildFile; fileRef = E2AD2FAC2B4A3752008BF079 /* Assets.xcassets */; };
		E2AD2FB02B4A3752008BF079 /* Preview Assets.xcassets in Resources */ = {isa = PBXBuildFile; fileRef = E2AD2FAF2B4A3752008BF079 /* Preview Assets.xcassets */; };
		E2AD2FB72B4A39FC008BF079 /* CounterView.swift in Sources */ = {isa = PBXBuildFile; fileRef = E2AD2FB62B4A39FC008BF079 /* CounterView.swift */; };
		E2AD2FB92B4A4008008BF079 /* AppState.swift in Sources */ = {isa = PBXBuildFile; fileRef = E2AD2FB82B4A4008008BF079 /* AppState.swift */; };
		E2AD2FBB2B4A5FD2008BF079 /* IsPrimeView.swift in Sources */ = {isa = PBXBuildFile; fileRef = E2AD2FBA2B4A5FD2008BF079 /* IsPrimeView.swift */; };
		E2AD2FBD2B4A645C008BF079 /* WolframAlphaResult.swift in Sources */ = {isa = PBXBuildFile; fileRef = E2AD2FBC2B4A645C008BF079 /* WolframAlphaResult.swift */; };
/* End PBXBuildFile section */

/* Begin PBXFileReference section */
		E24200382B4B488E009E0840 /* FavoritePrimesView.swift */ = {isa = PBXFileReference; lastKnownFileType = sourcecode.swift; path = FavoritePrimesView.swift; sourceTree = "<group>"; };
		E242003A2B4B5C59009E0840 /* Activity.swift */ = {isa = PBXFileReference; lastKnownFileType = sourcecode.swift; path = Activity.swift; sourceTree = "<group>"; };
		E242003C2B4B7CCD009E0840 /* FavoritePrimesState.swift */ = {isa = PBXFileReference; lastKnownFileType = sourcecode.swift; path = FavoritePrimesState.swift; sourceTree = "<group>"; };
		E2AD2FA52B4A3751008BF079 /* StateManagement.app */ = {isa = PBXFileReference; explicitFileType = wrapper.application; includeInIndex = 0; path = StateManagement.app; sourceTree = BUILT_PRODUCTS_DIR; };
		E2AD2FA82B4A3751008BF079 /* StateManagementApp.swift */ = {isa = PBXFileReference; lastKnownFileType = sourcecode.swift; path = StateManagementApp.swift; sourceTree = "<group>"; };
		E2AD2FAA2B4A3751008BF079 /* ContentView.swift */ = {isa = PBXFileReference; lastKnownFileType = sourcecode.swift; path = ContentView.swift; sourceTree = "<group>"; };
		E2AD2FAC2B4A3752008BF079 /* Assets.xcassets */ = {isa = PBXFileReference; lastKnownFileType = folder.assetcatalog; path = Assets.xcassets; sourceTree = "<group>"; };
		E2AD2FAF2B4A3752008BF079 /* Preview Assets.xcassets */ = {isa = PBXFileReference; lastKnownFileType = folder.assetcatalog; path = "Preview Assets.xcassets"; sourceTree = "<group>"; };
		E2AD2FB62B4A39FC008BF079 /* CounterView.swift */ = {isa = PBXFileReference; lastKnownFileType = sourcecode.swift; path = CounterView.swift; sourceTree = "<group>"; };
		E2AD2FB82B4A4008008BF079 /* AppState.swift */ = {isa = PBXFileReference; lastKnownFileType = sourcecode.swift; path = AppState.swift; sourceTree = "<group>"; };
		E2AD2FBA2B4A5FD2008BF079 /* IsPrimeView.swift */ = {isa = PBXFileReference; lastKnownFileType = sourcecode.swift; path = IsPrimeView.swift; sourceTree = "<group>"; };
		E2AD2FBC2B4A645C008BF079 /* WolframAlphaResult.swift */ = {isa = PBXFileReference; lastKnownFileType = sourcecode.swift; path = WolframAlphaResult.swift; sourceTree = "<group>"; };
/* End PBXFileReference section */

/* Begin PBXFrameworksBuildPhase section */
		E2AD2FA22B4A3751008BF079 /* Frameworks */ = {
			isa = PBXFrameworksBuildPhase;
			buildActionMask = 2147483647;
			files = (
			);
			runOnlyForDeploymentPostprocessing = 0;
		};
/* End PBXFrameworksBuildPhase section */

/* Begin PBXGroup section */
		E2AD2F9C2B4A3751008BF079 = {
			isa = PBXGroup;
			children = (
				E2AD2FA72B4A3751008BF079 /* StateManagement */,
				E2AD2FA62B4A3751008BF079 /* Products */,
			);
			sourceTree = "<group>";
		};
		E2AD2FA62B4A3751008BF079 /* Products */ = {
			isa = PBXGroup;
			children = (
				E2AD2FA52B4A3751008BF079 /* StateManagement.app */,
			);
			name = Products;
			sourceTree = "<group>";
		};
		E2AD2FA72B4A3751008BF079 /* StateManagement */ = {
			isa = PBXGroup;
			children = (
				E2AD2FB82B4A4008008BF079 /* AppState.swift */,
				E242003C2B4B7CCD009E0840 /* FavoritePrimesState.swift */,
				E2AD2FA82B4A3751008BF079 /* StateManagementApp.swift */,
				E2AD2FAA2B4A3751008BF079 /* ContentView.swift */,
				E2AD2FB62B4A39FC008BF079 /* CounterView.swift */,
				E24200382B4B488E009E0840 /* FavoritePrimesView.swift */,
				E2AD2FBA2B4A5FD2008BF079 /* IsPrimeView.swift */,
				E242003A2B4B5C59009E0840 /* Activity.swift */,
				E2AD2FBC2B4A645C008BF079 /* WolframAlphaResult.swift */,
				E2AD2FAC2B4A3752008BF079 /* Assets.xcassets */,
				E2AD2FAE2B4A3752008BF079 /* Preview Content */,
			);
			path = StateManagement;
			sourceTree = "<group>";
		};
		E2AD2FAE2B4A3752008BF079 /* Preview Content */ = {
			isa = PBXGroup;
			children = (
				E2AD2FAF2B4A3752008BF079 /* Preview Assets.xcassets */,
			);
			path = "Preview Content";
			sourceTree = "<group>";
		};
/* End PBXGroup section */

/* Begin PBXNativeTarget section */
		E2AD2FA42B4A3751008BF079 /* StateManagement */ = {
			isa = PBXNativeTarget;
			buildConfigurationList = E2AD2FB32B4A3752008BF079 /* Build configuration list for PBXNativeTarget "StateManagement" */;
			buildPhases = (
				E2AD2FA12B4A3751008BF079 /* Sources */,
				E2AD2FA22B4A3751008BF079 /* Frameworks */,
				E2AD2FA32B4A3751008BF079 /* Resources */,
			);
			buildRules = (
			);
			dependencies = (
			);
			name = StateManagement;
			productName = StateManagement;
			productReference = E2AD2FA52B4A3751008BF079 /* StateManagement.app */;
			productType = "com.apple.product-type.application";
		};
/* End PBXNativeTarget section */

/* Begin PBXProject section */
		E2AD2F9D2B4A3751008BF079 /* Project object */ = {
			isa = PBXProject;
			attributes = {
				BuildIndependentTargetsInParallel = 1;
				LastSwiftUpdateCheck = 1430;
				LastUpgradeCheck = 1430;
				TargetAttributes = {
					E2AD2FA42B4A3751008BF079 = {
						CreatedOnToolsVersion = 14.3.1;
					};
				};
			};
			buildConfigurationList = E2AD2FA02B4A3751008BF079 /* Build configuration list for PBXProject "StateManagement" */;
			compatibilityVersion = "Xcode 14.0";
			developmentRegion = en;
			hasScannedForEncodings = 0;
			knownRegions = (
				en,
				Base,
			);
			mainGroup = E2AD2F9C2B4A3751008BF079;
			productRefGroup = E2AD2FA62B4A3751008BF079 /* Products */;
			projectDirPath = "";
			projectRoot = "";
			targets = (
				E2AD2FA42B4A3751008BF079 /* StateManagement */,
			);
		};
/* End PBXProject section */

/* Begin PBXResourcesBuildPhase section */
		E2AD2FA32B4A3751008BF079 /* Resources */ = {
			isa = PBXResourcesBuildPhase;
			buildActionMask = 2147483647;
			files = (
				E2AD2FB02B4A3752008BF079 /* Preview Assets.xcassets in Resources */,
				E2AD2FAD2B4A3752008BF079 /* Assets.xcassets in Resources */,
			);
			runOnlyForDeploymentPostprocessing = 0;
		};
/* End PBXResourcesBuildPhase section */

/* Begin PBXSourcesBuildPhase section */
		E2AD2FA12B4A3751008BF079 /* Sources */ = {
			isa = PBXSourcesBuildPhase;
			buildActionMask = 2147483647;
			files = (
				E242003D2B4B7CCD009E0840 /* FavoritePrimesState.swift in Sources */,
				E2AD2FBD2B4A645C008BF079 /* WolframAlphaResult.swift in Sources */,
				E24200392B4B488E009E0840 /* FavoritePrimesView.swift in Sources */,
				E2AD2FBB2B4A5FD2008BF079 /* IsPrimeView.swift in Sources */,
				E2AD2FAB2B4A3751008BF079 /* ContentView.swift in Sources */,
				E2AD2FA92B4A3751008BF079 /* StateManagementApp.swift in Sources */,
				E2AD2FB72B4A39FC008BF079 /* CounterView.swift in Sources */,
				E242003B2B4B5C59009E0840 /* Activity.swift in Sources */,
				E2AD2FB92B4A4008008BF079 /* AppState.swift in Sources */,
			);
			runOnlyForDeploymentPostprocessing = 0;
		};
/* End PBXSourcesBuildPhase section */

/* Begin XCBuildConfiguration section */
		E2AD2FB12B4A3752008BF079 /* Debug */ = {
			isa = XCBuildConfiguration;
			buildSettings = {
				ALWAYS_SEARCH_USER_PATHS = NO;
				CLANG_ANALYZER_NONNULL = YES;
				CLANG_ANALYZER_NUMBER_OBJECT_CONVERSION = YES_AGGRESSIVE;
				CLANG_CXX_LANGUAGE_STANDARD = "gnu++20";
				CLANG_ENABLE_MODULES = YES;
				CLANG_ENABLE_OBJC_ARC = YES;
				CLANG_ENABLE_OBJC_WEAK = YES;
				CLANG_WARN_BLOCK_CAPTURE_AUTORELEASING = YES;
				CLANG_WARN_BOOL_CONVERSION = YES;
				CLANG_WARN_COMMA = YES;
				CLANG_WARN_CONSTANT_CONVERSION = YES;
				CLANG_WARN_DEPRECATED_OBJC_IMPLEMENTATIONS = YES;
				CLANG_WARN_DIRECT_OBJC_ISA_USAGE = YES_ERROR;
				CLANG_WARN_DOCUMENTATION_COMMENTS = YES;
				CLANG_WARN_EMPTY_BODY = YES;
				CLANG_WARN_ENUM_CONVERSION = YES;
				CLANG_WARN_INFINITE_RECURSION = YES;
				CLANG_WARN_INT_CONVERSION = YES;
				CLANG_WARN_NON_LITERAL_NULL_CONVERSION = YES;
				CLANG_WARN_OBJC_IMPLICIT_RETAIN_SELF = YES;
				CLANG_WARN_OBJC_LITERAL_CONVERSION = YES;
				CLANG_WARN_OBJC_ROOT_CLASS = YES_ERROR;
				CLANG_WARN_QUOTED_INCLUDE_IN_FRAMEWORK_HEADER = YES;
				CLANG_WARN_RANGE_LOOP_ANALYSIS = YES;
				CLANG_WARN_STRICT_PROTOTYPES = YES;
				CLANG_WARN_SUSPICIOUS_MOVE = YES;
				CLANG_WARN_UNGUARDED_AVAILABILITY = YES_AGGRESSIVE;
				CLANG_WARN_UNREACHABLE_CODE = YES;
				CLANG_WARN__DUPLICATE_METHOD_MATCH = YES;
				COPY_PHASE_STRIP = NO;
				DEBUG_INFORMATION_FORMAT = dwarf;
				ENABLE_STRICT_OBJC_MSGSEND = YES;
				ENABLE_TESTABILITY = YES;
				GCC_C_LANGUAGE_STANDARD = gnu11;
				GCC_DYNAMIC_NO_PIC = NO;
				GCC_NO_COMMON_BLOCKS = YES;
				GCC_OPTIMIZATION_LEVEL = 0;
				GCC_PREPROCESSOR_DEFINITIONS = (
					"DEBUG=1",
					"$(inherited)",
				);
				GCC_WARN_64_TO_32_BIT_CONVERSION = YES;
				GCC_WARN_ABOUT_RETURN_TYPE = YES_ERROR;
				GCC_WARN_UNDECLARED_SELECTOR = YES;
				GCC_WARN_UNINITIALIZED_AUTOS = YES_AGGRESSIVE;
				GCC_WARN_UNUSED_FUNCTION = YES;
				GCC_WARN_UNUSED_VARIABLE = YES;
				IPHONEOS_DEPLOYMENT_TARGET = 16.4;
				MTL_ENABLE_DEBUG_INFO = INCLUDE_SOURCE;
				MTL_FAST_MATH = YES;
				ONLY_ACTIVE_ARCH = YES;
				SDKROOT = iphoneos;
				SWIFT_ACTIVE_COMPILATION_CONDITIONS = DEBUG;
				SWIFT_OPTIMIZATION_LEVEL = "-Onone";
			};
			name = Debug;
		};
		E2AD2FB22B4A3752008BF079 /* Release */ = {
			isa = XCBuildConfiguration;
			buildSettings = {
				ALWAYS_SEARCH_USER_PATHS = NO;
				CLANG_ANALYZER_NONNULL = YES;
				CLANG_ANALYZER_NUMBER_OBJECT_CONVERSION = YES_AGGRESSIVE;
				CLANG_CXX_LANGUAGE_STANDARD = "gnu++20";
				CLANG_ENABLE_MODULES = YES;
				CLANG_ENABLE_OBJC_ARC = YES;
				CLANG_ENABLE_OBJC_WEAK = YES;
				CLANG_WARN_BLOCK_CAPTURE_AUTORELEASING = YES;
				CLANG_WARN_BOOL_CONVERSION = YES;
				CLANG_WARN_COMMA = YES;
				CLANG_WARN_CONSTANT_CONVERSION = YES;
				CLANG_WARN_DEPRECATED_OBJC_IMPLEMENTATIONS = YES;
				CLANG_WARN_DIRECT_OBJC_ISA_USAGE = YES_ERROR;
				CLANG_WARN_DOCUMENTATION_COMMENTS = YES;
				CLANG_WARN_EMPTY_BODY = YES;
				CLANG_WARN_ENUM_CONVERSION = YES;
				CLANG_WARN_INFINITE_RECURSION = YES;
				CLANG_WARN_INT_CONVERSION = YES;
				CLANG_WARN_NON_LITERAL_NULL_CONVERSION = YES;
				CLANG_WARN_OBJC_IMPLICIT_RETAIN_SELF = YES;
				CLANG_WARN_OBJC_LITERAL_CONVERSION = YES;
				CLANG_WARN_OBJC_ROOT_CLASS = YES_ERROR;
				CLANG_WARN_QUOTED_INCLUDE_IN_FRAMEWORK_HEADER = YES;
				CLANG_WARN_RANGE_LOOP_ANALYSIS = YES;
				CLANG_WARN_STRICT_PROTOTYPES = YES;
				CLANG_WARN_SUSPICIOUS_MOVE = YES;
				CLANG_WARN_UNGUARDED_AVAILABILITY = YES_AGGRESSIVE;
				CLANG_WARN_UNREACHABLE_CODE = YES;
				CLANG_WARN__DUPLICATE_METHOD_MATCH = YES;
				COPY_PHASE_STRIP = NO;
				DEBUG_INFORMATION_FORMAT = "dwarf-with-dsym";
				ENABLE_NS_ASSERTIONS = NO;
				ENABLE_STRICT_OBJC_MSGSEND = YES;
				GCC_C_LANGUAGE_STANDARD = gnu11;
				GCC_NO_COMMON_BLOCKS = YES;
				GCC_WARN_64_TO_32_BIT_CONVERSION = YES;
				GCC_WARN_ABOUT_RETURN_TYPE = YES_ERROR;
				GCC_WARN_UNDECLARED_SELECTOR = YES;
				GCC_WARN_UNINITIALIZED_AUTOS = YES_AGGRESSIVE;
				GCC_WARN_UNUSED_FUNCTION = YES;
				GCC_WARN_UNUSED_VARIABLE = YES;
				IPHONEOS_DEPLOYMENT_TARGET = 16.4;
				MTL_ENABLE_DEBUG_INFO = NO;
				MTL_FAST_MATH = YES;
				SDKROOT = iphoneos;
				SWIFT_COMPILATION_MODE = wholemodule;
				SWIFT_OPTIMIZATION_LEVEL = "-O";
				VALIDATE_PRODUCT = YES;
			};
			name = Release;
		};
		E2AD2FB42B4A3752008BF079 /* Debug */ = {
			isa = XCBuildConfiguration;
			buildSettings = {
				ASSETCATALOG_COMPILER_APPICON_NAME = AppIcon;
				ASSETCATALOG_COMPILER_GLOBAL_ACCENT_COLOR_NAME = AccentColor;
				CODE_SIGN_STYLE = Automatic;
				CURRENT_PROJECT_VERSION = 1;
				DEVELOPMENT_ASSET_PATHS = "\"StateManagement/Preview Content\"";
				DEVELOPMENT_TEAM = E95KU8J3PN;
				ENABLE_PREVIEWS = YES;
				GENERATE_INFOPLIST_FILE = YES;
				INFOPLIST_KEY_UIApplicationSceneManifest_Generation = YES;
				INFOPLIST_KEY_UIApplicationSupportsIndirectInputEvents = YES;
				INFOPLIST_KEY_UILaunchScreen_Generation = YES;
				INFOPLIST_KEY_UISupportedInterfaceOrientations_iPad = "UIInterfaceOrientationPortrait UIInterfaceOrientationPortraitUpsideDown UIInterfaceOrientationLandscapeLeft UIInterfaceOrientationLandscapeRight";
				INFOPLIST_KEY_UISupportedInterfaceOrientations_iPhone = "UIInterfaceOrientationPortrait UIInterfaceOrientationLandscapeLeft UIInterfaceOrientationLandscapeRight";
				LD_RUNPATH_SEARCH_PATHS = (
					"$(inherited)",
					"@executable_path/Frameworks",
				);
				MARKETING_VERSION = 1.0;
				PRODUCT_BUNDLE_IDENTIFIER = com.Alonso.StateManagement;
				PRODUCT_NAME = "$(TARGET_NAME)";
				SWIFT_EMIT_LOC_STRINGS = YES;
				SWIFT_VERSION = 5.0;
				TARGETED_DEVICE_FAMILY = "1,2";
			};
			name = Debug;
		};
		E2AD2FB52B4A3752008BF079 /* Release */ = {
			isa = XCBuildConfiguration;
			buildSettings = {
				ASSETCATALOG_COMPILER_APPICON_NAME = AppIcon;
				ASSETCATALOG_COMPILER_GLOBAL_ACCENT_COLOR_NAME = AccentColor;
				CODE_SIGN_STYLE = Automatic;
				CURRENT_PROJECT_VERSION = 1;
				DEVELOPMENT_ASSET_PATHS = "\"StateManagement/Preview Content\"";
				DEVELOPMENT_TEAM = E95KU8J3PN;
				ENABLE_PREVIEWS = YES;
				GENERATE_INFOPLIST_FILE = YES;
				INFOPLIST_KEY_UIApplicationSceneManifest_Generation = YES;
				INFOPLIST_KEY_UIApplicationSupportsIndirectInputEvents = YES;
				INFOPLIST_KEY_UILaunchScreen_Generation = YES;
				INFOPLIST_KEY_UISupportedInterfaceOrientations_iPad = "UIInterfaceOrientationPortrait UIInterfaceOrientationPortraitUpsideDown UIInterfaceOrientationLandscapeLeft UIInterfaceOrientationLandscapeRight";
				INFOPLIST_KEY_UISupportedInterfaceOrientations_iPhone = "UIInterfaceOrientationPortrait UIInterfaceOrientationLandscapeLeft UIInterfaceOrientationLandscapeRight";
				LD_RUNPATH_SEARCH_PATHS = (
					"$(inherited)",
					"@executable_path/Frameworks",
				);
				MARKETING_VERSION = 1.0;
				PRODUCT_BUNDLE_IDENTIFIER = com.Alonso.StateManagement;
				PRODUCT_NAME = "$(TARGET_NAME)";
				SWIFT_EMIT_LOC_STRINGS = YES;
				SWIFT_VERSION = 5.0;
				TARGETED_DEVICE_FAMILY = "1,2";
			};
			name = Release;
		};
/* End XCBuildConfiguration section */

/* Begin XCConfigurationList section */
		E2AD2FA02B4A3751008BF079 /* Build configuration list for PBXProject "StateManagement" */ = {
			isa = XCConfigurationList;
			buildConfigurations = (
				E2AD2FB12B4A3752008BF079 /* Debug */,
				E2AD2FB22B4A3752008BF079 /* Release */,
			);
			defaultConfigurationIsVisible = 0;
			defaultConfigurationName = Release;
		};
		E2AD2FB32B4A3752008BF079 /* Build configuration list for PBXNativeTarget "StateManagement" */ = {
			isa = XCConfigurationList;
			buildConfigurations = (
				E2AD2FB42B4A3752008BF079 /* Debug */,
				E2AD2FB52B4A3752008BF079 /* Release */,
			);
			defaultConfigurationIsVisible = 0;
			defaultConfigurationName = Release;
		};
/* End XCConfigurationList section */
	};
	rootObject = E2AD2F9D2B4A3751008BF079 /* Project object */;
}
