// !$*UTF8*$!
{
	archiveVersion = 1;
	classes = {
	};
	objectVersion = 56;
	objects = {

/* Begin PBXBuildFile section */
		E217A5A62B4B919A00E01393 /* ComposableBindingsApp.swift in Sources */ = {isa = PBXBuildFile; fileRef = E217A5A52B4B919A00E01393 /* ComposableBindingsApp.swift */; };
		E217A5A82B4B919A00E01393 /* ContentView.swift in Sources */ = {isa = PBXBuildFile; fileRef = E217A5A72B4B919A00E01393 /* ContentView.swift */; };
		E217A5AA2B4B919B00E01393 /* Assets.xcassets in Resources */ = {isa = PBXBuildFile; fileRef = E217A5A92B4B919B00E01393 /* Assets.xcassets */; };
		E217A5AD2B4B919B00E01393 /* Preview Assets.xcassets in Resources */ = {isa = PBXBuildFile; fileRef = E217A5AC2B4B919B00E01393 /* Preview Assets.xcassets */; };
		E28663042B4F932E00774C25 /* Item.swift in Sources */ = {isa = PBXBuildFile; fileRef = E28663032B4F932E00774C25 /* Item.swift */; };
		E28663062B4F938300774C25 /* ItemView.swift in Sources */ = {isa = PBXBuildFile; fileRef = E28663052B4F938300774C25 /* ItemView.swift */; };
		E2B0135E2B5CADBF00B3E626 /* Binding+Map.swift in Sources */ = {isa = PBXBuildFile; fileRef = E2B0135D2B5CADBF00B3E626 /* Binding+Map.swift */; };
		E2B013602B5CD5E900B3E626 /* Binding+Unwrap.swift in Sources */ = {isa = PBXBuildFile; fileRef = E2B0135F2B5CD5E900B3E626 /* Binding+Unwrap.swift */; };
/* End PBXBuildFile section */

/* Begin PBXFileReference section */
		E217A5A22B4B919A00E01393 /* ComposableBindings.app */ = {isa = PBXFileReference; explicitFileType = wrapper.application; includeInIndex = 0; path = ComposableBindings.app; sourceTree = BUILT_PRODUCTS_DIR; };
		E217A5A52B4B919A00E01393 /* ComposableBindingsApp.swift */ = {isa = PBXFileReference; lastKnownFileType = sourcecode.swift; path = ComposableBindingsApp.swift; sourceTree = "<group>"; };
		E217A5A72B4B919A00E01393 /* ContentView.swift */ = {isa = PBXFileReference; lastKnownFileType = sourcecode.swift; path = ContentView.swift; sourceTree = "<group>"; };
		E217A5A92B4B919B00E01393 /* Assets.xcassets */ = {isa = PBXFileReference; lastKnownFileType = folder.assetcatalog; path = Assets.xcassets; sourceTree = "<group>"; };
		E217A5AC2B4B919B00E01393 /* Preview Assets.xcassets */ = {isa = PBXFileReference; lastKnownFileType = folder.assetcatalog; path = "Preview Assets.xcassets"; sourceTree = "<group>"; };
		E28663032B4F932E00774C25 /* Item.swift */ = {isa = PBXFileReference; lastKnownFileType = sourcecode.swift; path = Item.swift; sourceTree = "<group>"; };
		E28663052B4F938300774C25 /* ItemView.swift */ = {isa = PBXFileReference; lastKnownFileType = sourcecode.swift; path = ItemView.swift; sourceTree = "<group>"; };
		E2B0135D2B5CADBF00B3E626 /* Binding+Map.swift */ = {isa = PBXFileReference; lastKnownFileType = sourcecode.swift; path = "Binding+Map.swift"; sourceTree = "<group>"; };
		E2B0135F2B5CD5E900B3E626 /* Binding+Unwrap.swift */ = {isa = PBXFileReference; lastKnownFileType = sourcecode.swift; path = "Binding+Unwrap.swift"; sourceTree = "<group>"; };
/* End PBXFileReference section */

/* Begin PBXFrameworksBuildPhase section */
		E217A59F2B4B919A00E01393 /* Frameworks */ = {
			isa = PBXFrameworksBuildPhase;
			buildActionMask = 2147483647;
			files = (
			);
			runOnlyForDeploymentPostprocessing = 0;
		};
/* End PBXFrameworksBuildPhase section */

/* Begin PBXGroup section */
		E217A5992B4B919A00E01393 = {
			isa = PBXGroup;
			children = (
				E217A5A42B4B919A00E01393 /* ComposableBindings */,
				E217A5A32B4B919A00E01393 /* Products */,
			);
			sourceTree = "<group>";
		};
		E217A5A32B4B919A00E01393 /* Products */ = {
			isa = PBXGroup;
			children = (
				E217A5A22B4B919A00E01393 /* ComposableBindings.app */,
			);
			name = Products;
			sourceTree = "<group>";
		};
		E217A5A42B4B919A00E01393 /* ComposableBindings */ = {
			isa = PBXGroup;
			children = (
				E217A5A52B4B919A00E01393 /* ComposableBindingsApp.swift */,
				E217A5A72B4B919A00E01393 /* ContentView.swift */,
				E217A5A92B4B919B00E01393 /* Assets.xcassets */,
				E217A5AB2B4B919B00E01393 /* Preview Content */,
				E28663032B4F932E00774C25 /* Item.swift */,
				E28663052B4F938300774C25 /* ItemView.swift */,
				E2B0135D2B5CADBF00B3E626 /* Binding+Map.swift */,
				E2B0135F2B5CD5E900B3E626 /* Binding+Unwrap.swift */,
			);
			path = ComposableBindings;
			sourceTree = "<group>";
		};
		E217A5AB2B4B919B00E01393 /* Preview Content */ = {
			isa = PBXGroup;
			children = (
				E217A5AC2B4B919B00E01393 /* Preview Assets.xcassets */,
			);
			path = "Preview Content";
			sourceTree = "<group>";
		};
/* End PBXGroup section */

/* Begin PBXNativeTarget section */
		E217A5A12B4B919A00E01393 /* ComposableBindings */ = {
			isa = PBXNativeTarget;
			buildConfigurationList = E217A5B02B4B919B00E01393 /* Build configuration list for PBXNativeTarget "ComposableBindings" */;
			buildPhases = (
				E217A59E2B4B919A00E01393 /* Sources */,
				E217A59F2B4B919A00E01393 /* Frameworks */,
				E217A5A02B4B919A00E01393 /* Resources */,
			);
			buildRules = (
			);
			dependencies = (
			);
			name = ComposableBindings;
			productName = ComposableBindings;
			productReference = E217A5A22B4B919A00E01393 /* ComposableBindings.app */;
			productType = "com.apple.product-type.application";
		};
/* End PBXNativeTarget section */

/* Begin PBXProject section */
		E217A59A2B4B919A00E01393 /* Project object */ = {
			isa = PBXProject;
			attributes = {
				BuildIndependentTargetsInParallel = 1;
				LastSwiftUpdateCheck = 1430;
				LastUpgradeCheck = 1430;
				TargetAttributes = {
					E217A5A12B4B919A00E01393 = {
						CreatedOnToolsVersion = 14.3.1;
					};
				};
			};
			buildConfigurationList = E217A59D2B4B919A00E01393 /* Build configuration list for PBXProject "ComposableBindings" */;
			compatibilityVersion = "Xcode 14.0";
			developmentRegion = en;
			hasScannedForEncodings = 0;
			knownRegions = (
				en,
				Base,
			);
			mainGroup = E217A5992B4B919A00E01393;
			productRefGroup = E217A5A32B4B919A00E01393 /* Products */;
			projectDirPath = "";
			projectRoot = "";
			targets = (
				E217A5A12B4B919A00E01393 /* ComposableBindings */,
			);
		};
/* End PBXProject section */

/* Begin PBXResourcesBuildPhase section */
		E217A5A02B4B919A00E01393 /* Resources */ = {
			isa = PBXResourcesBuildPhase;
			buildActionMask = 2147483647;
			files = (
				E217A5AD2B4B919B00E01393 /* Preview Assets.xcassets in Resources */,
				E217A5AA2B4B919B00E01393 /* Assets.xcassets in Resources */,
			);
			runOnlyForDeploymentPostprocessing = 0;
		};
/* End PBXResourcesBuildPhase section */

/* Begin PBXSourcesBuildPhase section */
		E217A59E2B4B919A00E01393 /* Sources */ = {
			isa = PBXSourcesBuildPhase;
			buildActionMask = 2147483647;
			files = (
				E2B0135E2B5CADBF00B3E626 /* Binding+Map.swift in Sources */,
				E217A5A82B4B919A00E01393 /* ContentView.swift in Sources */,
				E28663042B4F932E00774C25 /* Item.swift in Sources */,
				E217A5A62B4B919A00E01393 /* ComposableBindingsApp.swift in Sources */,
				E2B013602B5CD5E900B3E626 /* Binding+Unwrap.swift in Sources */,
				E28663062B4F938300774C25 /* ItemView.swift in Sources */,
			);
			runOnlyForDeploymentPostprocessing = 0;
		};
/* End PBXSourcesBuildPhase section */

/* Begin XCBuildConfiguration section */
		E217A5AE2B4B919B00E01393 /* Debug */ = {
			isa = XCBuildConfiguration;
			buildSettings = {
				ALWAYS_SEARCH_USER_PATHS = NO;
				CLANG_ANALYZER_NONNULL = YES;
				CLANG_ANALYZER_NUMBER_OBJECT_CONVERSION = YES_AGGRESSIVE;
				CLANG_CXX_LANGUAGE_STANDARD = "gnu++20";
				CLANG_ENABLE_MODULES = YES;
				CLANG_ENABLE_OBJC_ARC = YES;
				CLANG_ENABLE_OBJC_WEAK = YES;
				CLANG_WARN_BLOCK_CAPTURE_AUTORELEASING = YES;
				CLANG_WARN_BOOL_CONVERSION = YES;
				CLANG_WARN_COMMA = YES;
				CLANG_WARN_CONSTANT_CONVERSION = YES;
				CLANG_WARN_DEPRECATED_OBJC_IMPLEMENTATIONS = YES;
				CLANG_WARN_DIRECT_OBJC_ISA_USAGE = YES_ERROR;
				CLANG_WARN_DOCUMENTATION_COMMENTS = YES;
				CLANG_WARN_EMPTY_BODY = YES;
				CLANG_WARN_ENUM_CONVERSION = YES;
				CLANG_WARN_INFINITE_RECURSION = YES;
				CLANG_WARN_INT_CONVERSION = YES;
				CLANG_WARN_NON_LITERAL_NULL_CONVERSION = YES;
				CLANG_WARN_OBJC_IMPLICIT_RETAIN_SELF = YES;
				CLANG_WARN_OBJC_LITERAL_CONVERSION = YES;
				CLANG_WARN_OBJC_ROOT_CLASS = YES_ERROR;
				CLANG_WARN_QUOTED_INCLUDE_IN_FRAMEWORK_HEADER = YES;
				CLANG_WARN_RANGE_LOOP_ANALYSIS = YES;
				CLANG_WARN_STRICT_PROTOTYPES = YES;
				CLANG_WARN_SUSPICIOUS_MOVE = YES;
				CLANG_WARN_UNGUARDED_AVAILABILITY = YES_AGGRESSIVE;
				CLANG_WARN_UNREACHABLE_CODE = YES;
				CLANG_WARN__DUPLICATE_METHOD_MATCH = YES;
				COPY_PHASE_STRIP = NO;
				DEBUG_INFORMATION_FORMAT = dwarf;
				ENABLE_STRICT_OBJC_MSGSEND = YES;
				ENABLE_TESTABILITY = YES;
				GCC_C_LANGUAGE_STANDARD = gnu11;
				GCC_DYNAMIC_NO_PIC = NO;
				GCC_NO_COMMON_BLOCKS = YES;
				GCC_OPTIMIZATION_LEVEL = 0;
				GCC_PREPROCESSOR_DEFINITIONS = (
					"DEBUG=1",
					"$(inherited)",
				);
				GCC_WARN_64_TO_32_BIT_CONVERSION = YES;
				GCC_WARN_ABOUT_RETURN_TYPE = YES_ERROR;
				GCC_WARN_UNDECLARED_SELECTOR = YES;
				GCC_WARN_UNINITIALIZED_AUTOS = YES_AGGRESSIVE;
				GCC_WARN_UNUSED_FUNCTION = YES;
				GCC_WARN_UNUSED_VARIABLE = YES;
				IPHONEOS_DEPLOYMENT_TARGET = 16.4;
				MTL_ENABLE_DEBUG_INFO = INCLUDE_SOURCE;
				MTL_FAST_MATH = YES;
				ONLY_ACTIVE_ARCH = YES;
				SDKROOT = iphoneos;
				SWIFT_ACTIVE_COMPILATION_CONDITIONS = DEBUG;
				SWIFT_OPTIMIZATION_LEVEL = "-Onone";
			};
			name = Debug;
		};
		E217A5AF2B4B919B00E01393 /* Release */ = {
			isa = XCBuildConfiguration;
			buildSettings = {
				ALWAYS_SEARCH_USER_PATHS = NO;
				CLANG_ANALYZER_NONNULL = YES;
				CLANG_ANALYZER_NUMBER_OBJECT_CONVERSION = YES_AGGRESSIVE;
				CLANG_CXX_LANGUAGE_STANDARD = "gnu++20";
				CLANG_ENABLE_MODULES = YES;
				CLANG_ENABLE_OBJC_ARC = YES;
				CLANG_ENABLE_OBJC_WEAK = YES;
				CLANG_WARN_BLOCK_CAPTURE_AUTORELEASING = YES;
				CLANG_WARN_BOOL_CONVERSION = YES;
				CLANG_WARN_COMMA = YES;
				CLANG_WARN_CONSTANT_CONVERSION = YES;
				CLANG_WARN_DEPRECATED_OBJC_IMPLEMENTATIONS = YES;
				CLANG_WARN_DIRECT_OBJC_ISA_USAGE = YES_ERROR;
				CLANG_WARN_DOCUMENTATION_COMMENTS = YES;
				CLANG_WARN_EMPTY_BODY = YES;
				CLANG_WARN_ENUM_CONVERSION = YES;
				CLANG_WARN_INFINITE_RECURSION = YES;
				CLANG_WARN_INT_CONVERSION = YES;
				CLANG_WARN_NON_LITERAL_NULL_CONVERSION = YES;
				CLANG_WARN_OBJC_IMPLICIT_RETAIN_SELF = YES;
				CLANG_WARN_OBJC_LITERAL_CONVERSION = YES;
				CLANG_WARN_OBJC_ROOT_CLASS = YES_ERROR;
				CLANG_WARN_QUOTED_INCLUDE_IN_FRAMEWORK_HEADER = YES;
				CLANG_WARN_RANGE_LOOP_ANALYSIS = YES;
				CLANG_WARN_STRICT_PROTOTYPES = YES;
				CLANG_WARN_SUSPICIOUS_MOVE = YES;
				CLANG_WARN_UNGUARDED_AVAILABILITY = YES_AGGRESSIVE;
				CLANG_WARN_UNREACHABLE_CODE = YES;
				CLANG_WARN__DUPLICATE_METHOD_MATCH = YES;
				COPY_PHASE_STRIP = NO;
				DEBUG_INFORMATION_FORMAT = "dwarf-with-dsym";
				ENABLE_NS_ASSERTIONS = NO;
				ENABLE_STRICT_OBJC_MSGSEND = YES;
				GCC_C_LANGUAGE_STANDARD = gnu11;
				GCC_NO_COMMON_BLOCKS = YES;
				GCC_WARN_64_TO_32_BIT_CONVERSION = YES;
				GCC_WARN_ABOUT_RETURN_TYPE = YES_ERROR;
				GCC_WARN_UNDECLARED_SELECTOR = YES;
				GCC_WARN_UNINITIALIZED_AUTOS = YES_AGGRESSIVE;
				GCC_WARN_UNUSED_FUNCTION = YES;
				GCC_WARN_UNUSED_VARIABLE = YES;
				IPHONEOS_DEPLOYMENT_TARGET = 16.4;
				MTL_ENABLE_DEBUG_INFO = NO;
				MTL_FAST_MATH = YES;
				SDKROOT = iphoneos;
				SWIFT_COMPILATION_MODE = wholemodule;
				SWIFT_OPTIMIZATION_LEVEL = "-O";
				VALIDATE_PRODUCT = YES;
			};
			name = Release;
		};
		E217A5B12B4B919B00E01393 /* Debug */ = {
			isa = XCBuildConfiguration;
			buildSettings = {
				ASSETCATALOG_COMPILER_APPICON_NAME = AppIcon;
				ASSETCATALOG_COMPILER_GLOBAL_ACCENT_COLOR_NAME = AccentColor;
				CODE_SIGN_STYLE = Automatic;
				CURRENT_PROJECT_VERSION = 1;
				DEVELOPMENT_ASSET_PATHS = "\"ComposableBindings/Preview Content\"";
				DEVELOPMENT_TEAM = E95KU8J3PN;
				ENABLE_PREVIEWS = YES;
				GENERATE_INFOPLIST_FILE = YES;
				INFOPLIST_KEY_UIApplicationSceneManifest_Generation = YES;
				INFOPLIST_KEY_UIApplicationSupportsIndirectInputEvents = YES;
				INFOPLIST_KEY_UILaunchScreen_Generation = YES;
				INFOPLIST_KEY_UISupportedInterfaceOrientations_iPad = "UIInterfaceOrientationPortrait UIInterfaceOrientationPortraitUpsideDown UIInterfaceOrientationLandscapeLeft UIInterfaceOrientationLandscapeRight";
				INFOPLIST_KEY_UISupportedInterfaceOrientations_iPhone = "UIInterfaceOrientationPortrait UIInterfaceOrientationLandscapeLeft UIInterfaceOrientationLandscapeRight";
				LD_RUNPATH_SEARCH_PATHS = (
					"$(inherited)",
					"@executable_path/Frameworks",
				);
				MARKETING_VERSION = 1.0;
				PRODUCT_BUNDLE_IDENTIFIER = com.Alonso.ComposableBindings;
				PRODUCT_NAME = "$(TARGET_NAME)";
				SWIFT_EMIT_LOC_STRINGS = YES;
				SWIFT_VERSION = 5.0;
				TARGETED_DEVICE_FAMILY = "1,2";
			};
			name = Debug;
		};
		E217A5B22B4B919B00E01393 /* Release */ = {
			isa = XCBuildConfiguration;
			buildSettings = {
				ASSETCATALOG_COMPILER_APPICON_NAME = AppIcon;
				ASSETCATALOG_COMPILER_GLOBAL_ACCENT_COLOR_NAME = AccentColor;
				CODE_SIGN_STYLE = Automatic;
				CURRENT_PROJECT_VERSION = 1;
				DEVELOPMENT_ASSET_PATHS = "\"ComposableBindings/Preview Content\"";
				DEVELOPMENT_TEAM = E95KU8J3PN;
				ENABLE_PREVIEWS = YES;
				GENERATE_INFOPLIST_FILE = YES;
				INFOPLIST_KEY_UIApplicationSceneManifest_Generation = YES;
				INFOPLIST_KEY_UIApplicationSupportsIndirectInputEvents = YES;
				INFOPLIST_KEY_UILaunchScreen_Generation = YES;
				INFOPLIST_KEY_UISupportedInterfaceOrientations_iPad = "UIInterfaceOrientationPortrait UIInterfaceOrientationPortraitUpsideDown UIInterfaceOrientationLandscapeLeft UIInterfaceOrientationLandscapeRight";
				INFOPLIST_KEY_UISupportedInterfaceOrientations_iPhone = "UIInterfaceOrientationPortrait UIInterfaceOrientationLandscapeLeft UIInterfaceOrientationLandscapeRight";
				LD_RUNPATH_SEARCH_PATHS = (
					"$(inherited)",
					"@executable_path/Frameworks",
				);
				MARKETING_VERSION = 1.0;
				PRODUCT_BUNDLE_IDENTIFIER = com.Alonso.ComposableBindings;
				PRODUCT_NAME = "$(TARGET_NAME)";
				SWIFT_EMIT_LOC_STRINGS = YES;
				SWIFT_VERSION = 5.0;
				TARGETED_DEVICE_FAMILY = "1,2";
			};
			name = Release;
		};
/* End XCBuildConfiguration section */

/* Begin XCConfigurationList section */
		E217A59D2B4B919A00E01393 /* Build configuration list for PBXProject "ComposableBindings" */ = {
			isa = XCConfigurationList;
			buildConfigurations = (
				E217A5AE2B4B919B00E01393 /* Debug */,
				E217A5AF2B4B919B00E01393 /* Release */,
			);
			defaultConfigurationIsVisible = 0;
			defaultConfigurationName = Release;
		};
		E217A5B02B4B919B00E01393 /* Build configuration list for PBXNativeTarget "ComposableBindings" */ = {
			isa = XCConfigurationList;
			buildConfigurations = (
				E217A5B12B4B919B00E01393 /* Debug */,
				E217A5B22B4B919B00E01393 /* Release */,
			);
			defaultConfigurationIsVisible = 0;
			defaultConfigurationName = Release;
		};
/* End XCConfigurationList section */
	};
	rootObject = E217A59A2B4B919A00E01393 /* Project object */;
}
